
Microsoft Visual Studio Solution File, Format Version 12.00
# Visual Studio Version 17
VisualStudioVersion = 17.8.34330.188
MinimumVisualStudioVersion = 10.0.40219.1
Project("{9A19103F-16F7-4668-BE54-9A1E7A4F7556}") = "ShoppinglistService.api", "ShoppinglistService.api\ShoppinglistService.api.csproj", "{04EE309B-2F98-49B0-9362-B6073DADBF6A}"
EndProject
Project("{9A19103F-16F7-4668-BE54-9A1E7A4F7556}") = "ShoppingList.DAL", "ShoppingList.DAL\ShoppingList.DAL.csproj", "{8DBC22DE-A9EB-4623-BA13-023349E026E2}"
EndProject
Project("{FAE04EC0-301F-11D3-BF4B-00C04F79EFBC}") = "ShoppinglistService.UnitTest", "ShoppinglistService.UnitTest\ShoppinglistService.UnitTest.csproj", "{8B0D2A5A-1ED3-44C7-9896-F9EA2B0A60C9}"
EndProject
Global
	GlobalSection(SolutionConfigurationPlatforms) = preSolution
		Debug|Any CPU = Debug|Any CPU
		Release|Any CPU = Release|Any CPU
	EndGlobalSection
	GlobalSection(ProjectConfigurationPlatforms) = postSolution
		{04EE309B-2F98-49B0-9362-B6073DADBF6A}.Debug|Any CPU.ActiveCfg = Debug|Any CPU
		{04EE309B-2F98-49B0-9362-B6073DADBF6A}.Debug|Any CPU.Build.0 = Debug|Any CPU
		{04EE309B-2F98-49B0-9362-B6073DADBF6A}.Release|Any CPU.ActiveCfg = Release|Any CPU
		{04EE309B-2F98-49B0-9362-B6073DADBF6A}.Release|Any CPU.Build.0 = Release|Any CPU
		{8DBC22DE-A9EB-4623-BA13-023349E026E2}.Debug|Any CPU.ActiveCfg = Debug|Any CPU
		{8DBC22DE-A9EB-4623-BA13-023349E026E2}.Debug|Any CPU.Build.0 = Debug|Any CPU
		{8DBC22DE-A9EB-4623-BA13-023349E026E2}.Release|Any CPU.ActiveCfg = Release|Any CPU
		{8DBC22DE-A9EB-4623-BA13-023349E026E2}.Release|Any CPU.Build.0 = Release|Any CPU
		{8B0D2A5A-1ED3-44C7-9896-F9EA2B0A60C9}.Debug|Any CPU.ActiveCfg = Debug|Any CPU
		{8B0D2A5A-1ED3-44C7-9896-F9EA2B0A60C9}.Debug|Any CPU.Build.0 = Debug|Any CPU
		{8B0D2A5A-1ED3-44C7-9896-F9EA2B0A60C9}.Release|Any CPU.ActiveCfg = Release|Any CPU
		{8B0D2A5A-1ED3-44C7-9896-F9EA2B0A60C9}.Release|Any CPU.Build.0 = Release|Any CPU
	EndGlobalSection
	GlobalSection(SolutionProperties) = preSolution
		HideSolutionNode = FALSE
	EndGlobalSection
	GlobalSection(ExtensibilityGlobals) = postSolution
		SolutionGuid = {23989BB1-8D68-4D14-A21F-EE86C8AFA42C}
	EndGlobalSection
EndGlobal
